{
  "name": "if-ai-blocks",
  "version": "0.1.0",
  "lockfileVersion": 3,
  "requires": true,
  "packages": {
    "": {
      "name": "if-ai-blocks",
      "version": "0.1.0",
      "license": "UNLICENSED",
      "workspaces": [
        "packages/*"
      ]
    },
    "node_modules/@if-ai-blocks/config": {
      "resolved": "packages/config",
      "link": true
    },
    "node_modules/@if-ai-blocks/contracts": {
      "resolved": "packages/contracts",
      "link": true
    },
    "node_modules/@if-ai-blocks/core": {
      "resolved": "packages/core",
      "link": true
    },
    "node_modules/@if-ai-blocks/editorial-anchor": {
      "resolved": "packages/editorial-anchor",
      "link": true
    },
    "node_modules/@if-ai-blocks/source-policy": {
      "resolved": "packages/source-policy",
      "link": true
    },
    "node_modules/@if-ai-blocks/types": {
      "resolved": "packages/types",
      "link": true
    },
    "packages/config": {
      "name": "@if-ai-blocks/config",
      "version": "0.1.0",
      "dependencies": {
        "@if-ai-blocks/source-policy": "0.1.0",
        "@if-ai-blocks/types": "0.1.0"
      }
    },
    "packages/contracts": {
      "name": "@if-ai-blocks/contracts",
      "version": "0.1.0",
      "dependencies": {
        "@if-ai-blocks/types": "0.1.0"
      }
    },
    "packages/core": {
      "name": "@if-ai-blocks/core",
      "version": "0.1.0",
      "dependencies": {
        "@if-ai-blocks/config": "0.1.0",
        "@if-ai-blocks/contracts": "0.1.0"
      }
    },
    "packages/editorial-anchor": {
      "name": "@if-ai-blocks/editorial-anchor",
      "version": "0.1.0"
    },
    "packages/source-policy": {
      "name": "@if-ai-blocks/source-policy",
      "version": "0.1.0"
    },
    "packages/types": {
      "name": "@if-ai-blocks/types",
      "version": "0.1.0"
    }
  }
}
